
Microsoft Visual Studio Solution File, Format Version 12.00
# Visual Studio 15
VisualStudioVersion = 15.0.28307.421
MinimumVisualStudioVersion = 10.0.40219.1
Project("{FAE04EC0-301F-11D3-BF4B-00C04F79EFBC}") = "WcfServiceLibrary", "WcfServiceLibrary\WcfServiceLibrary.csproj", "{BEBA6643-CBE0-49D3-9D5C-64CEB87254F7}"
EndProject
Project("{FAE04EC0-301F-11D3-BF4B-00C04F79EFBC}") = "WindowsFormsApp", "WindowsFormsApp\WindowsFormsApp.csproj", "{66B43041-5B99-4380-884D-C3D33F153BA7}"
	ProjectSection(ProjectDependencies) = postProject
		{BEBA6643-CBE0-49D3-9D5C-64CEB87254F7} = {BEBA6643-CBE0-49D3-9D5C-64CEB87254F7}
	EndProjectSection
EndProject
Project("{FAE04EC0-301F-11D3-BF4B-00C04F79EFBC}") = "Client", "Client\Client.csproj", "{C8F2F20B-6A40-4D32-B496-554926842320}"
	ProjectSection(ProjectDependencies) = postProject
		{BEBA6643-CBE0-49D3-9D5C-64CEB87254F7} = {BEBA6643-CBE0-49D3-9D5C-64CEB87254F7}
	EndProjectSection
EndProject
Project("{FAE04EC0-301F-11D3-BF4B-00C04F79EFBC}") = "WcfServiceLibrary1", "WcfServiceLibrary1\WcfServiceLibrary1.csproj", "{41B2048B-3E02-4378-8A48-7CEFAB4D10EA}"
EndProject
Global
	GlobalSection(SolutionConfigurationPlatforms) = preSolution
		Debug|Any CPU = Debug|Any CPU
		Release|Any CPU = Release|Any CPU
	EndGlobalSection
	GlobalSection(ProjectConfigurationPlatforms) = postSolution
		{BEBA6643-CBE0-49D3-9D5C-64CEB87254F7}.Debug|Any CPU.ActiveCfg = Debug|Any CPU
		{BEBA6643-CBE0-49D3-9D5C-64CEB87254F7}.Debug|Any CPU.Build.0 = Debug|Any CPU
		{BEBA6643-CBE0-49D3-9D5C-64CEB87254F7}.Release|Any CPU.ActiveCfg = Release|Any CPU
		{BEBA6643-CBE0-49D3-9D5C-64CEB87254F7}.Release|Any CPU.Build.0 = Release|Any CPU
		{66B43041-5B99-4380-884D-C3D33F153BA7}.Debug|Any CPU.ActiveCfg = Debug|Any CPU
		{66B43041-5B99-4380-884D-C3D33F153BA7}.Debug|Any CPU.Build.0 = Debug|Any CPU
		{66B43041-5B99-4380-884D-C3D33F153BA7}.Release|Any CPU.ActiveCfg = Release|Any CPU
		{66B43041-5B99-4380-884D-C3D33F153BA7}.Release|Any CPU.Build.0 = Release|Any CPU
		{C8F2F20B-6A40-4D32-B496-554926842320}.Debug|Any CPU.ActiveCfg = Debug|Any CPU
		{C8F2F20B-6A40-4D32-B496-554926842320}.Debug|Any CPU.Build.0 = Debug|Any CPU
		{C8F2F20B-6A40-4D32-B496-554926842320}.Release|Any CPU.ActiveCfg = Release|Any CPU
		{C8F2F20B-6A40-4D32-B496-554926842320}.Release|Any CPU.Build.0 = Release|Any CPU
		{41B2048B-3E02-4378-8A48-7CEFAB4D10EA}.Debug|Any CPU.ActiveCfg = Debug|Any CPU
		{41B2048B-3E02-4378-8A48-7CEFAB4D10EA}.Debug|Any CPU.Build.0 = Debug|Any CPU
		{41B2048B-3E02-4378-8A48-7CEFAB4D10EA}.Release|Any CPU.ActiveCfg = Release|Any CPU
		{41B2048B-3E02-4378-8A48-7CEFAB4D10EA}.Release|Any CPU.Build.0 = Release|Any CPU
	EndGlobalSection
	GlobalSection(SolutionProperties) = preSolution
		HideSolutionNode = FALSE
	EndGlobalSection
	GlobalSection(ExtensibilityGlobals) = postSolution
		SolutionGuid = {C154A495-C3E5-4767-BDDA-80AD7575DE72}
	EndGlobalSection
EndGlobal
